PODS:
  - RTHeadedColumnView (0.1.0)

DEPENDENCIES:
  - RTHeadedColumnView (from `../`)

EXTERNAL SOURCES:
  RTHeadedColumnView:
    :path: "../"

SPEC CHECKSUMS:
  RTHeadedColumnView: e5e8d35356deeba98a37858362f1eb349d1a8b8f

PODFILE CHECKSUM: 4abdb67e3769674b0c3b6a1dc2a33f8504677783

COCOAPODS: 1.1.1
