PODS:
  - RTHeadedColumnView (0.1.10)

DEPENDENCIES:
  - RTHeadedColumnView (from `../`)

EXTERNAL SOURCES:
  RTHeadedColumnView:
    :path: "../"

SPEC CHECKSUMS:
  RTHeadedColumnView: 7c1eba311af14556c19d398d01a175abe5984aa9

PODFILE CHECKSUM: b2a139353f8b703ee6b79a2e6b7cead80da519ce

COCOAPODS: 1.5.3
